
Microsoft Visual Studio Solution File, Format Version 12.00
# Visual Studio Version 17
VisualStudioVersion = 17.9.34622.214
MinimumVisualStudioVersion = 10.0.40219.1
Project("{FAE04EC0-301F-11D3-BF4B-00C04F79EFBC}") = "app1", "app1\app1.csproj", "{F8F17046-98E4-44E9-B4FB-2A51CB137A09}"
EndProject
Project("{FAE04EC0-301F-11D3-BF4B-00C04F79EFBC}") = "entitati", "entitati\entitati.csproj", "{927274C4-DA1F-4658-AC9E-523F0F53E014}"
EndProject
Global
	GlobalSection(SolutionConfigurationPlatforms) = preSolution
		Debug|Any CPU = Debug|Any CPU
		Release|Any CPU = Release|Any CPU
	EndGlobalSection
	GlobalSection(ProjectConfigurationPlatforms) = postSolution
		{F8F17046-98E4-44E9-B4FB-2A51CB137A09}.Debug|Any CPU.ActiveCfg = Debug|Any CPU
		{F8F17046-98E4-44E9-B4FB-2A51CB137A09}.Debug|Any CPU.Build.0 = Debug|Any CPU
		{F8F17046-98E4-44E9-B4FB-2A51CB137A09}.Release|Any CPU.ActiveCfg = Release|Any CPU
		{F8F17046-98E4-44E9-B4FB-2A51CB137A09}.Release|Any CPU.Build.0 = Release|Any CPU
		{927274C4-DA1F-4658-AC9E-523F0F53E014}.Debug|Any CPU.ActiveCfg = Debug|Any CPU
		{927274C4-DA1F-4658-AC9E-523F0F53E014}.Debug|Any CPU.Build.0 = Debug|Any CPU
		{927274C4-DA1F-4658-AC9E-523F0F53E014}.Release|Any CPU.ActiveCfg = Release|Any CPU
		{927274C4-DA1F-4658-AC9E-523F0F53E014}.Release|Any CPU.Build.0 = Release|Any CPU
	EndGlobalSection
	GlobalSection(SolutionProperties) = preSolution
		HideSolutionNode = FALSE
	EndGlobalSection
	GlobalSection(ExtensibilityGlobals) = postSolution
		SolutionGuid = {40942A75-D4C6-4DEF-982B-DC3702CD73C8}
	EndGlobalSection
EndGlobal
